
Microsoft Visual Studio Solution File, Format Version 12.00
# Visual Studio Version 17
VisualStudioVersion = 17.8.34330.188
MinimumVisualStudioVersion = 10.0.40219.1
Project("{FAE04EC0-301F-11D3-BF4B-00C04F79EFBC}") = "lilulang", "lilulang.csproj", "{0D413EBA-D1AB-4FFA-9F55-548BD9671DC5}"
EndProject
Global
	GlobalSection(SolutionConfigurationPlatforms) = preSolution
		Debug|Any CPU = Debug|Any CPU
		Release|Any CPU = Release|Any CPU
	EndGlobalSection
	GlobalSection(ProjectConfigurationPlatforms) = postSolution
		{0D413EBA-D1AB-4FFA-9F55-548BD9671DC5}.Debug|Any CPU.ActiveCfg = Debug|Any CPU
		{0D413EBA-D1AB-4FFA-9F55-548BD9671DC5}.Debug|Any CPU.Build.0 = Debug|Any CPU
		{0D413EBA-D1AB-4FFA-9F55-548BD9671DC5}.Release|Any CPU.ActiveCfg = Release|Any CPU
		{0D413EBA-D1AB-4FFA-9F55-548BD9671DC5}.Release|Any CPU.Build.0 = Release|Any CPU
	EndGlobalSection
	GlobalSection(SolutionProperties) = preSolution
		HideSolutionNode = FALSE
	EndGlobalSection
	GlobalSection(ExtensibilityGlobals) = postSolution
		SolutionGuid = {F905BA74-A738-4522-8C7E-D533777B5C00}
	EndGlobalSection
EndGlobal
